
Microsoft Visual Studio Solution File, Format Version 12.00
# Visual Studio Version 16
VisualStudioVersion = 16.0.30717.126
MinimumVisualStudioVersion = 10.0.40219.1
Project("{8BC9CEB8-8B4A-11D0-8D11-00A0C91BC942}") = "testlab1.1", "testlab1.1\testlab1.1.vcxproj", "{45110E3B-1510-454B-8153-26C16DC34AF7}"
EndProject
Global
	GlobalSection(SolutionConfigurationPlatforms) = preSolution
		Debug|x64 = Debug|x64
		Debug|x86 = Debug|x86
		Release|x64 = Release|x64
		Release|x86 = Release|x86
	EndGlobalSection
	GlobalSection(ProjectConfigurationPlatforms) = postSolution
		{45110E3B-1510-454B-8153-26C16DC34AF7}.Debug|x64.ActiveCfg = Debug|x64
		{45110E3B-1510-454B-8153-26C16DC34AF7}.Debug|x64.Build.0 = Debug|x64
		{45110E3B-1510-454B-8153-26C16DC34AF7}.Debug|x86.ActiveCfg = Debug|Win32
		{45110E3B-1510-454B-8153-26C16DC34AF7}.Debug|x86.Build.0 = Debug|Win32
		{45110E3B-1510-454B-8153-26C16DC34AF7}.Release|x64.ActiveCfg = Release|x64
		{45110E3B-1510-454B-8153-26C16DC34AF7}.Release|x64.Build.0 = Release|x64
		{45110E3B-1510-454B-8153-26C16DC34AF7}.Release|x86.ActiveCfg = Release|Win32
		{45110E3B-1510-454B-8153-26C16DC34AF7}.Release|x86.Build.0 = Release|Win32
	EndGlobalSection
	GlobalSection(SolutionProperties) = preSolution
		HideSolutionNode = FALSE
	EndGlobalSection
	GlobalSection(ExtensibilityGlobals) = postSolution
		SolutionGuid = {D3407D82-BCEC-4A6E-B48A-C016B07888B5}
	EndGlobalSection
EndGlobal
